{
  "name": "carbonemissioncalculator",
  "version": "2.0.0",
  "lockfileVersion": 1,
  "requires": true,
  "dependencies": {
    "carbon-footprint": {
      "version": "1.4.2",
      "resolved": "https://registry.npmjs.org/carbon-footprint/-/carbon-footprint-1.4.2.tgz",
      "integrity": "sha512-f2hBX1hr5AOmYLXBcmVtlnBJNkGmQPUTTBLBCzZbKOLfxyd/lauUz6++i8qNpi4vLAwCyg+kimkiE2CPj7f5Vw=="
    },
    "uuid": {
      "version": "8.3.1",
      "resolved": "https://registry.npmjs.org/uuid/-/uuid-8.3.1.tgz",
      "integrity": "sha512-FOmRr+FmWEIG8uhZv6C2bTgEVXsHk08kE7mPlrBbEe+c3r9pjceVPgupIfNIhc4yx55H69OXANrUaSuu9eInKg=="
    }
  }
}
